
Microsoft Visual Studio Solution File, Format Version 12.00
# Visual Studio 15
VisualStudioVersion = 15.0.27004.2005
MinimumVisualStudioVersion = 10.0.40219.1
Project("{FAE04EC0-301F-11D3-BF4B-00C04F79EFBC}") = "SamuraiApp.Domain", "SamuraiApp.Domain\SamuraiApp.Domain.csproj", "{B21C7BC3-E624-4391-9439-73D5C4758383}"
EndProject
Global
	GlobalSection(SolutionConfigurationPlatforms) = preSolution
		Debug|Any CPU = Debug|Any CPU
		Release|Any CPU = Release|Any CPU
	EndGlobalSection
	GlobalSection(ProjectConfigurationPlatforms) = postSolution
		{B21C7BC3-E624-4391-9439-73D5C4758383}.Debug|Any CPU.ActiveCfg = Debug|Any CPU
		{B21C7BC3-E624-4391-9439-73D5C4758383}.Debug|Any CPU.Build.0 = Debug|Any CPU
		{B21C7BC3-E624-4391-9439-73D5C4758383}.Release|Any CPU.ActiveCfg = Release|Any CPU
		{B21C7BC3-E624-4391-9439-73D5C4758383}.Release|Any CPU.Build.0 = Release|Any CPU
	EndGlobalSection
	GlobalSection(SolutionProperties) = preSolution
		HideSolutionNode = FALSE
	EndGlobalSection
	GlobalSection(ExtensibilityGlobals) = postSolution
		SolutionGuid = {6C5132BF-682C-4F89-BBDC-F0B101EEC9BB}
	EndGlobalSection
EndGlobal
